
Microsoft Visual Studio Solution File, Format Version 11.00
# Visual Studio 2010
Project("{FAE04EC0-301F-11D3-BF4B-00C04F79EFBC}") = "Assembly-CSharp", "Assembly-CSharp.csproj", "{8EAF6557-D5B3-E04A-3D65-0DB2974D0BEE}"
EndProject
Global
	GlobalSection(SolutionConfigurationPlatforms) = preSolution
		Debug|Any CPU = Debug|Any CPU
		Release|Any CPU = Release|Any CPU
	EndGlobalSection
	GlobalSection(ProjectConfigurationPlatforms) = postSolution
		{8EAF6557-D5B3-E04A-3D65-0DB2974D0BEE}.Debug|Any CPU.ActiveCfg = Debug|Any CPU
		{8EAF6557-D5B3-E04A-3D65-0DB2974D0BEE}.Debug|Any CPU.Build.0 = Debug|Any CPU
		{8EAF6557-D5B3-E04A-3D65-0DB2974D0BEE}.Release|Any CPU.ActiveCfg = Release|Any CPU
		{8EAF6557-D5B3-E04A-3D65-0DB2974D0BEE}.Release|Any CPU.Build.0 = Release|Any CPU
	EndGlobalSection
	GlobalSection(SolutionProperties) = preSolution
		HideSolutionNode = FALSE
	EndGlobalSection
EndGlobal
